
Microsoft Visual Studio Solution File, Format Version 12.00
# Visual Studio 2012
Project("{E24C65DC-7377-472B-9ABA-BC803B73C61A}") = "Vodacom Website", "http://localhost:1598", "{20087F1F-752A-4D73-BD71-4C55247CDA47}"
	ProjectSection(WebsiteProperties) = preProject
		UseIISExpress = "true"
		TargetFrameworkMoniker = ".NETFramework,Version%3Dv4.5"
		Debug.AspNetCompiler.VirtualPath = "/localhost_1598"
		Debug.AspNetCompiler.PhysicalPath = "..\..\..\..\Desktop\Vodacom Website\"
		Debug.AspNetCompiler.TargetPath = "PrecompiledWeb\localhost_1598\"
		Debug.AspNetCompiler.Updateable = "true"
		Debug.AspNetCompiler.ForceOverwrite = "true"
		Debug.AspNetCompiler.FixedNames = "false"
		Debug.AspNetCompiler.Debug = "True"
		Release.AspNetCompiler.VirtualPath = "/localhost_1598"
		Release.AspNetCompiler.PhysicalPath = "..\..\..\..\Desktop\Vodacom Website\"
		Release.AspNetCompiler.TargetPath = "PrecompiledWeb\localhost_1598\"
		Release.AspNetCompiler.Updateable = "true"
		Release.AspNetCompiler.ForceOverwrite = "true"
		Release.AspNetCompiler.FixedNames = "false"
		Release.AspNetCompiler.Debug = "False"
		SlnRelativePath = "..\..\..\..\Desktop\Vodacom Website\"
		DefaultWebSiteLanguage = "Visual C#"
	EndProjectSection
EndProject
Project("{2150E333-8FDC-42A3-9474-1A3956D46DE8}") = "Solution Items", "Solution Items", "{36D94277-35F6-4BA9-923B-1AFF80FB0EF4}"
	ProjectSection(SolutionItems) = preProject
		1.jpg = 1.jpg
		2.jpg = 2.jpg
		3.jpg = 3.jpg
		4.jpg = 4.jpg
		5.jpg = 5.jpg
		6.jpg = 6.jpg
		7.jpg = 7.jpg
		8.jpg = 8.jpg
		9.jpg = 9.jpg
	EndProjectSection
EndProject
Global
	GlobalSection(SolutionConfigurationPlatforms) = preSolution
		Debug|Any CPU = Debug|Any CPU
	EndGlobalSection
	GlobalSection(ProjectConfigurationPlatforms) = postSolution
		{20087F1F-752A-4D73-BD71-4C55247CDA47}.Debug|Any CPU.ActiveCfg = Debug|Any CPU
		{20087F1F-752A-4D73-BD71-4C55247CDA47}.Debug|Any CPU.Build.0 = Debug|Any CPU
	EndGlobalSection
	GlobalSection(SolutionProperties) = preSolution
		HideSolutionNode = FALSE
	EndGlobalSection
EndGlobal
